PODS:
  - AppAuth (1.4.0):
    - AppAuth/Core (= 1.4.0)
    - AppAuth/ExternalUserAgent (= 1.4.0)
  - AppAuth/Core (1.4.0)
  - AppAuth/ExternalUserAgent (1.4.0)
  - GTMAppAuth (0.7.0):
    - AppAuth
    - GTMSessionFetcher (~> 1.1)
  - GTMSessionFetcher (1.5.0):
    - GTMSessionFetcher/Full (= 1.5.0)
  - GTMSessionFetcher/Core (1.5.0)
  - GTMSessionFetcher/Full (1.5.0):
    - GTMSessionFetcher/Core (= 1.5.0)
  - PINCache (3.0.3):
    - PINCache/Arc-exception-safe (= 3.0.3)
    - PINCache/Core (= 3.0.3)
  - PINCache/Arc-exception-safe (3.0.3):
    - PINCache/Core
  - PINCache/Core (3.0.3):
    - PINOperation (~> 1.2.1)
  - PINOperation (1.2.1)
  - PINRemoteImage (3.0.3):
    - PINRemoteImage/PINCache (= 3.0.3)
  - PINRemoteImage/Core (3.0.3):
    - PINOperation
  - PINRemoteImage/iOS (3.0.3):
    - PINRemoteImage/Core
  - PINRemoteImage/PINCache (3.0.3):
    - PINCache (~> 3.0.3)
    - PINRemoteImage/Core
  - Texture (3.0.0):
    - Texture/AssetsLibrary (= 3.0.0)
    - Texture/Core (= 3.0.0)
    - Texture/MapKit (= 3.0.0)
    - Texture/Photos (= 3.0.0)
    - Texture/PINRemoteImage (= 3.0.0)
    - Texture/Video (= 3.0.0)
  - Texture/AssetsLibrary (3.0.0):
    - Texture/Core
  - Texture/Core (3.0.0)
  - Texture/MapKit (3.0.0):
    - Texture/Core
  - Texture/Photos (3.0.0):
    - Texture/Core
  - Texture/PINRemoteImage (3.0.0):
    - PINRemoteImage/iOS (~> 3.0.0)
    - PINRemoteImage/PINCache
    - Texture/Core
  - Texture/Video (3.0.0):
    - Texture/Core

DEPENDENCIES:
  - "GTMAppAuth (from `git@github.com:felicitaspublica/GTMAppAuth.git`)"
  - PINCache (from `https://github.com/pinterest/PINCache`, branch `master`)
  - PINOperation (from `https://github.com/pinterest/PINOperation`, branch `master`)
  - PINRemoteImage (from `https://github.com/pinterest/PINRemoteImage`, branch `master`)
  - Texture (from `https://github.com/TextureGroup/Texture`, branch `master`)

SPEC REPOS:
  trunk:
    - AppAuth
    - GTMSessionFetcher

EXTERNAL SOURCES:
  GTMAppAuth:
    :git: "git@github.com:felicitaspublica/GTMAppAuth.git"
  PINCache:
    :branch: master
    :git: https://github.com/pinterest/PINCache
  PINOperation:
    :branch: master
    :git: https://github.com/pinterest/PINOperation
  PINRemoteImage:
    :branch: master
    :git: https://github.com/pinterest/PINRemoteImage
  Texture:
    :branch: master
    :git: https://github.com/TextureGroup/Texture

CHECKOUT OPTIONS:
  GTMAppAuth:
    :commit: 7bcef3d408b552d3aca9da485169452514c2235c
    :git: "git@github.com:felicitaspublica/GTMAppAuth.git"
  PINCache:
    :commit: b129a79cbdf7644ac5be426b3aa0ce526b46f5ba
    :git: https://github.com/pinterest/PINCache
  PINOperation:
    :commit: 6af973c07d0ae822eacf93892ad6a879abee8ddf
    :git: https://github.com/pinterest/PINOperation
  PINRemoteImage:
    :commit: 543c2bce568f36dadef19e90340b0cdffc8c26b2
    :git: https://github.com/pinterest/PINRemoteImage
  Texture:
    :commit: 17d4d13463c9676a53ed5ba1c48842241584fb95
    :git: https://github.com/TextureGroup/Texture

SPEC CHECKSUMS:
  AppAuth: 31bcec809a638d7bd2f86ea8a52bd45f6e81e7c7
  GTMAppAuth: 51ef52ce004f32f5a148074aa74b369d3a8ae284
  GTMSessionFetcher: b3503b20a988c4e20cc189aa798fd18220133f52
  PINCache: 7a8fc1a691173d21dbddbf86cd515de6efa55086
  PINOperation: 00c935935f1e8cf0d1e2d6b542e75b88fc3e5e20
  PINRemoteImage: f1295b29f8c5e640e25335a1b2bd9d805171bd01
  Texture: 41ce7d2fdff193a45cc8cfa3c254115cf776068a

PODFILE CHECKSUM: 0ffd8e9f0cca55ba16b6feca2504d4dc44ca6119

COCOAPODS: 1.10.1
